
Microsoft Visual Studio Solution File, Format Version 12.00
# Visual Studio Version 16
VisualStudioVersion = 16.0.31105.61
MinimumVisualStudioVersion = 10.0.40219.1
Project("{9092AA53-FB77-4645-B42D-1CCCA6BD08BD}") = "server", "server.njsproj", "{F8421E2F-9FF1-4F93-AB28-84ED1C9E9C3C}"
EndProject
Global
	GlobalSection(SolutionConfigurationPlatforms) = preSolution
		Debug|Any CPU = Debug|Any CPU
		Release|Any CPU = Release|Any CPU
	EndGlobalSection
	GlobalSection(ProjectConfigurationPlatforms) = postSolution
		{F8421E2F-9FF1-4F93-AB28-84ED1C9E9C3C}.Debug|Any CPU.ActiveCfg = Debug|Any CPU
		{F8421E2F-9FF1-4F93-AB28-84ED1C9E9C3C}.Debug|Any CPU.Build.0 = Debug|Any CPU
		{F8421E2F-9FF1-4F93-AB28-84ED1C9E9C3C}.Release|Any CPU.ActiveCfg = Release|Any CPU
		{F8421E2F-9FF1-4F93-AB28-84ED1C9E9C3C}.Release|Any CPU.Build.0 = Release|Any CPU
	EndGlobalSection
	GlobalSection(SolutionProperties) = preSolution
		HideSolutionNode = FALSE
	EndGlobalSection
	GlobalSection(ExtensibilityGlobals) = postSolution
		SolutionGuid = {7F71E586-3374-4DB9-B97C-1985A540BF81}
	EndGlobalSection
EndGlobal
